// !$*UTF8*$!
{
	archiveVersion = 1;
	classes = {
	};
	objectVersion = 52;
	objects = {

/* Begin PBXBuildFile section */
		BFD4C1C0C73E7DC446AA9C97 /* Pods_iOSChat.framework in Frameworks */ = {isa = PBXBuildFile; fileRef = 6D98A4D2C97D85203D94070C /* Pods_iOSChat.framework */; };
		E733F80724C5BD60007FED96 /* AppDelegate.swift in Sources */ = {isa = PBXBuildFile; fileRef = E733F80624C5BD60007FED96 /* AppDelegate.swift */; };
		E733F80924C5BD60007FED96 /* SceneDelegate.swift in Sources */ = {isa = PBXBuildFile; fileRef = E733F80824C5BD60007FED96 /* SceneDelegate.swift */; };
		E733F80B24C5BD60007FED96 /* ContentView.swift in Sources */ = {isa = PBXBuildFile; fileRef = E733F80A24C5BD60007FED96 /* ContentView.swift */; };
		E733F80D24C5BD61007FED96 /* Assets.xcassets in Resources */ = {isa = PBXBuildFile; fileRef = E733F80C24C5BD61007FED96 /* Assets.xcassets */; };
		E733F81024C5BD61007FED96 /* Preview Assets.xcassets in Resources */ = {isa = PBXBuildFile; fileRef = E733F80F24C5BD61007FED96 /* Preview Assets.xcassets */; };
		E733F81324C5BD61007FED96 /* LaunchScreen.storyboard in Resources */ = {isa = PBXBuildFile; fileRef = E733F81124C5BD61007FED96 /* LaunchScreen.storyboard */; };
		E75F239524C887280092BD8B /* SwiftyJSON in Frameworks */ = {isa = PBXBuildFile; productRef = E75F239424C887280092BD8B /* SwiftyJSON */; };
/* End PBXBuildFile section */

/* Begin PBXFileReference section */
		0C111CFD75917878BB6D3AD1 /* Pods-iOSChat.release.xcconfig */ = {isa = PBXFileReference; includeInIndex = 1; lastKnownFileType = text.xcconfig; name = "Pods-iOSChat.release.xcconfig"; path = "Target Support Files/Pods-iOSChat/Pods-iOSChat.release.xcconfig"; sourceTree = "<group>"; };
		1572A13324C67D1D00A894CD /* codeTest.playground */ = {isa = PBXFileReference; lastKnownFileType = file.playground; path = codeTest.playground; sourceTree = "<group>"; xcLanguageSpecificationIdentifier = xcode.lang.swift; };
		6D98A4D2C97D85203D94070C /* Pods_iOSChat.framework */ = {isa = PBXFileReference; explicitFileType = wrapper.framework; includeInIndex = 0; path = Pods_iOSChat.framework; sourceTree = BUILT_PRODUCTS_DIR; };
		D5C1CA2B704548DA128DA90B /* Pods-iOSChat.debug.xcconfig */ = {isa = PBXFileReference; includeInIndex = 1; lastKnownFileType = text.xcconfig; name = "Pods-iOSChat.debug.xcconfig"; path = "Target Support Files/Pods-iOSChat/Pods-iOSChat.debug.xcconfig"; sourceTree = "<group>"; };
		E733F80324C5BD60007FED96 /* iOSChat.app */ = {isa = PBXFileReference; explicitFileType = wrapper.application; includeInIndex = 0; path = iOSChat.app; sourceTree = BUILT_PRODUCTS_DIR; };
		E733F80624C5BD60007FED96 /* AppDelegate.swift */ = {isa = PBXFileReference; lastKnownFileType = sourcecode.swift; path = AppDelegate.swift; sourceTree = "<group>"; };
		E733F80824C5BD60007FED96 /* SceneDelegate.swift */ = {isa = PBXFileReference; lastKnownFileType = sourcecode.swift; path = SceneDelegate.swift; sourceTree = "<group>"; };
		E733F80A24C5BD60007FED96 /* ContentView.swift */ = {isa = PBXFileReference; lastKnownFileType = sourcecode.swift; path = ContentView.swift; sourceTree = "<group>"; };
		E733F80C24C5BD61007FED96 /* Assets.xcassets */ = {isa = PBXFileReference; lastKnownFileType = folder.assetcatalog; path = Assets.xcassets; sourceTree = "<group>"; };
		E733F80F24C5BD61007FED96 /* Preview Assets.xcassets */ = {isa = PBXFileReference; lastKnownFileType = folder.assetcatalog; path = "Preview Assets.xcassets"; sourceTree = "<group>"; };
		E733F81224C5BD61007FED96 /* Base */ = {isa = PBXFileReference; lastKnownFileType = file.storyboard; name = Base; path = Base.lproj/LaunchScreen.storyboard; sourceTree = "<group>"; };
		E733F81424C5BD61007FED96 /* Info.plist */ = {isa = PBXFileReference; lastKnownFileType = text.plist.xml; path = Info.plist; sourceTree = "<group>"; };
/* End PBXFileReference section */

/* Begin PBXFrameworksBuildPhase section */
		E733F80024C5BD60007FED96 /* Frameworks */ = {
			isa = PBXFrameworksBuildPhase;
			buildActionMask = 2147483647;
			files = (
				E75F239524C887280092BD8B /* SwiftyJSON in Frameworks */,
				BFD4C1C0C73E7DC446AA9C97 /* Pods_iOSChat.framework in Frameworks */,
			);
			runOnlyForDeploymentPostprocessing = 0;
		};
/* End PBXFrameworksBuildPhase section */

/* Begin PBXGroup section */
		9B9D767A4C080D922EA9B7A6 /* Pods */ = {
			isa = PBXGroup;
			children = (
				D5C1CA2B704548DA128DA90B /* Pods-iOSChat.debug.xcconfig */,
				0C111CFD75917878BB6D3AD1 /* Pods-iOSChat.release.xcconfig */,
			);
			path = Pods;
			sourceTree = "<group>";
		};
		A261EB9413C16551A971090B /* Frameworks */ = {
			isa = PBXGroup;
			children = (
				6D98A4D2C97D85203D94070C /* Pods_iOSChat.framework */,
			);
			name = Frameworks;
			sourceTree = "<group>";
		};
		E733F7FA24C5BD60007FED96 = {
			isa = PBXGroup;
			children = (
				1572A13324C67D1D00A894CD /* codeTest.playground */,
				E733F80524C5BD60007FED96 /* iOSChat */,
				E733F80424C5BD60007FED96 /* Products */,
				9B9D767A4C080D922EA9B7A6 /* Pods */,
				A261EB9413C16551A971090B /* Frameworks */,
			);
			sourceTree = "<group>";
		};
		E733F80424C5BD60007FED96 /* Products */ = {
			isa = PBXGroup;
			children = (
				E733F80324C5BD60007FED96 /* iOSChat.app */,
			);
			name = Products;
			sourceTree = "<group>";
		};
		E733F80524C5BD60007FED96 /* iOSChat */ = {
			isa = PBXGroup;
			children = (
				E733F80624C5BD60007FED96 /* AppDelegate.swift */,
				E733F80824C5BD60007FED96 /* SceneDelegate.swift */,
				E733F80A24C5BD60007FED96 /* ContentView.swift */,
				E733F80C24C5BD61007FED96 /* Assets.xcassets */,
				E733F81124C5BD61007FED96 /* LaunchScreen.storyboard */,
				E733F81424C5BD61007FED96 /* Info.plist */,
				E733F80E24C5BD61007FED96 /* Preview Content */,
			);
			path = iOSChat;
			sourceTree = "<group>";
		};
		E733F80E24C5BD61007FED96 /* Preview Content */ = {
			isa = PBXGroup;
			children = (
				E733F80F24C5BD61007FED96 /* Preview Assets.xcassets */,
			);
			path = "Preview Content";
			sourceTree = "<group>";
		};
/* End PBXGroup section */

/* Begin PBXNativeTarget section */
		E733F80224C5BD60007FED96 /* iOSChat */ = {
			isa = PBXNativeTarget;
			buildConfigurationList = E733F81724C5BD61007FED96 /* Build configuration list for PBXNativeTarget "iOSChat" */;
			buildPhases = (
				07A7B87A5D5D0027ECE44697 /* [CP] Check Pods Manifest.lock */,
				E733F7FF24C5BD60007FED96 /* Sources */,
				E733F80024C5BD60007FED96 /* Frameworks */,
				E733F80124C5BD60007FED96 /* Resources */,
				3668308A2CBD4E7650BE522C /* [CP] Embed Pods Frameworks */,
			);
			buildRules = (
			);
			dependencies = (
			);
			name = iOSChat;
			packageProductDependencies = (
				E75F239424C887280092BD8B /* SwiftyJSON */,
			);
			productName = iOSChat;
			productReference = E733F80324C5BD60007FED96 /* iOSChat.app */;
			productType = "com.apple.product-type.application";
		};
/* End PBXNativeTarget section */

/* Begin PBXProject section */
		E733F7FB24C5BD60007FED96 /* Project object */ = {
			isa = PBXProject;
			attributes = {
				LastSwiftUpdateCheck = 1150;
				LastUpgradeCheck = 1150;
				ORGANIZATIONNAME = "justin dongwook Jung";
				TargetAttributes = {
					E733F80224C5BD60007FED96 = {
						CreatedOnToolsVersion = 11.5;
					};
				};
			};
			buildConfigurationList = E733F7FE24C5BD60007FED96 /* Build configuration list for PBXProject "iOSChat" */;
			compatibilityVersion = "Xcode 9.3";
			developmentRegion = en;
			hasScannedForEncodings = 0;
			knownRegions = (
				en,
				Base,
			);
			mainGroup = E733F7FA24C5BD60007FED96;
			packageReferences = (
				E75F239324C887280092BD8B /* XCRemoteSwiftPackageReference "SwiftyJSON" */,
			);
			productRefGroup = E733F80424C5BD60007FED96 /* Products */;
			projectDirPath = "";
			projectRoot = "";
			targets = (
				E733F80224C5BD60007FED96 /* iOSChat */,
			);
		};
/* End PBXProject section */

/* Begin PBXResourcesBuildPhase section */
		E733F80124C5BD60007FED96 /* Resources */ = {
			isa = PBXResourcesBuildPhase;
			buildActionMask = 2147483647;
			files = (
				E733F81324C5BD61007FED96 /* LaunchScreen.storyboard in Resources */,
				E733F81024C5BD61007FED96 /* Preview Assets.xcassets in Resources */,
				E733F80D24C5BD61007FED96 /* Assets.xcassets in Resources */,
			);
			runOnlyForDeploymentPostprocessing = 0;
		};
/* End PBXResourcesBuildPhase section */

/* Begin PBXShellScriptBuildPhase section */
		07A7B87A5D5D0027ECE44697 /* [CP] Check Pods Manifest.lock */ = {
			isa = PBXShellScriptBuildPhase;
			buildActionMask = 2147483647;
			files = (
			);
			inputFileListPaths = (
			);
			inputPaths = (
				"${PODS_PODFILE_DIR_PATH}/Podfile.lock",
				"${PODS_ROOT}/Manifest.lock",
			);
			name = "[CP] Check Pods Manifest.lock";
			outputFileListPaths = (
			);
			outputPaths = (
				"$(DERIVED_FILE_DIR)/Pods-iOSChat-checkManifestLockResult.txt",
			);
			runOnlyForDeploymentPostprocessing = 0;
			shellPath = /bin/sh;
			shellScript = "diff \"${PODS_PODFILE_DIR_PATH}/Podfile.lock\" \"${PODS_ROOT}/Manifest.lock\" > /dev/null\nif [ $? != 0 ] ; then\n    # print error to STDERR\n    echo \"error: The sandbox is not in sync with the Podfile.lock. Run 'pod install' or update your CocoaPods installation.\" >&2\n    exit 1\nfi\n# This output is used by Xcode 'outputs' to avoid re-running this script phase.\necho \"SUCCESS\" > \"${SCRIPT_OUTPUT_FILE_0}\"\n";
			showEnvVarsInLog = 0;
		};
		3668308A2CBD4E7650BE522C /* [CP] Embed Pods Frameworks */ = {
			isa = PBXShellScriptBuildPhase;
			buildActionMask = 2147483647;
			files = (
			);
			inputFileListPaths = (
				"${PODS_ROOT}/Target Support Files/Pods-iOSChat/Pods-iOSChat-frameworks-${CONFIGURATION}-input-files.xcfilelist",
			);
			name = "[CP] Embed Pods Frameworks";
			outputFileListPaths = (
				"${PODS_ROOT}/Target Support Files/Pods-iOSChat/Pods-iOSChat-frameworks-${CONFIGURATION}-output-files.xcfilelist",
			);
			runOnlyForDeploymentPostprocessing = 0;
			shellPath = /bin/sh;
			shellScript = "\"${PODS_ROOT}/Target Support Files/Pods-iOSChat/Pods-iOSChat-frameworks.sh\"\n";
			showEnvVarsInLog = 0;
		};
/* End PBXShellScriptBuildPhase section */

/* Begin PBXSourcesBuildPhase section */
		E733F7FF24C5BD60007FED96 /* Sources */ = {
			isa = PBXSourcesBuildPhase;
			buildActionMask = 2147483647;
			files = (
				E733F80724C5BD60007FED96 /* AppDelegate.swift in Sources */,
				E733F80924C5BD60007FED96 /* SceneDelegate.swift in Sources */,
				E733F80B24C5BD60007FED96 /* ContentView.swift in Sources */,
			);
			runOnlyForDeploymentPostprocessing = 0;
		};
/* End PBXSourcesBuildPhase section */

/* Begin PBXVariantGroup section */
		E733F81124C5BD61007FED96 /* LaunchScreen.storyboard */ = {
			isa = PBXVariantGroup;
			children = (
				E733F81224C5BD61007FED96 /* Base */,
			);
			name = LaunchScreen.storyboard;
			sourceTree = "<group>";
		};
/* End PBXVariantGroup section */

/* Begin XCBuildConfiguration section */
		E733F81524C5BD61007FED96 /* Debug */ = {
			isa = XCBuildConfiguration;
			buildSettings = {
				ALWAYS_SEARCH_USER_PATHS = NO;
				CLANG_ANALYZER_NONNULL = YES;
				CLANG_ANALYZER_NUMBER_OBJECT_CONVERSION = YES_AGGRESSIVE;
				CLANG_CXX_LANGUAGE_STANDARD = "gnu++14";
				CLANG_CXX_LIBRARY = "libc++";
				CLANG_ENABLE_MODULES = YES;
				CLANG_ENABLE_OBJC_ARC = YES;
				CLANG_ENABLE_OBJC_WEAK = YES;
				CLANG_WARN_BLOCK_CAPTURE_AUTORELEASING = YES;
				CLANG_WARN_BOOL_CONVERSION = YES;
				CLANG_WARN_COMMA = YES;
				CLANG_WARN_CONSTANT_CONVERSION = YES;
				CLANG_WARN_DEPRECATED_OBJC_IMPLEMENTATIONS = YES;
				CLANG_WARN_DIRECT_OBJC_ISA_USAGE = YES_ERROR;
				CLANG_WARN_DOCUMENTATION_COMMENTS = YES;
				CLANG_WARN_EMPTY_BODY = YES;
				CLANG_WARN_ENUM_CONVERSION = YES;
				CLANG_WARN_INFINITE_RECURSION = YES;
				CLANG_WARN_INT_CONVERSION = YES;
				CLANG_WARN_NON_LITERAL_NULL_CONVERSION = YES;
				CLANG_WARN_OBJC_IMPLICIT_RETAIN_SELF = YES;
				CLANG_WARN_OBJC_LITERAL_CONVERSION = YES;
				CLANG_WARN_OBJC_ROOT_CLASS = YES_ERROR;
				CLANG_WARN_RANGE_LOOP_ANALYSIS = YES;
				CLANG_WARN_STRICT_PROTOTYPES = YES;
				CLANG_WARN_SUSPICIOUS_MOVE = YES;
				CLANG_WARN_UNGUARDED_AVAILABILITY = YES_AGGRESSIVE;
				CLANG_WARN_UNREACHABLE_CODE = YES;
				CLANG_WARN__DUPLICATE_METHOD_MATCH = YES;
				COPY_PHASE_STRIP = NO;
				DEBUG_INFORMATION_FORMAT = dwarf;
				ENABLE_BITCODE = NO;
				ENABLE_STRICT_OBJC_MSGSEND = YES;
				ENABLE_TESTABILITY = YES;
				GCC_C_LANGUAGE_STANDARD = gnu11;
				GCC_DYNAMIC_NO_PIC = NO;
				GCC_NO_COMMON_BLOCKS = YES;
				GCC_OPTIMIZATION_LEVEL = 0;
				GCC_PREPROCESSOR_DEFINITIONS = (
					"DEBUG=1",
					"$(inherited)",
				);
				GCC_WARN_64_TO_32_BIT_CONVERSION = YES;
				GCC_WARN_ABOUT_RETURN_TYPE = YES_ERROR;
				GCC_WARN_UNDECLARED_SELECTOR = YES;
				GCC_WARN_UNINITIALIZED_AUTOS = YES_AGGRESSIVE;
				GCC_WARN_UNUSED_FUNCTION = YES;
				GCC_WARN_UNUSED_VARIABLE = YES;
				IPHONEOS_DEPLOYMENT_TARGET = 13.5;
				MTL_ENABLE_DEBUG_INFO = INCLUDE_SOURCE;
				MTL_FAST_MATH = YES;
				ONLY_ACTIVE_ARCH = YES;
				SDKROOT = iphoneos;
				SWIFT_ACTIVE_COMPILATION_CONDITIONS = DEBUG;
				SWIFT_OPTIMIZATION_LEVEL = "-Onone";
			};
			name = Debug;
		};
		E733F81624C5BD61007FED96 /* Release */ = {
			isa = XCBuildConfiguration;
			buildSettings = {
				ALWAYS_SEARCH_USER_PATHS = NO;
				CLANG_ANALYZER_NONNULL = YES;
				CLANG_ANALYZER_NUMBER_OBJECT_CONVERSION = YES_AGGRESSIVE;
				CLANG_CXX_LANGUAGE_STANDARD = "gnu++14";
				CLANG_CXX_LIBRARY = "libc++";
				CLANG_ENABLE_MODULES = YES;
				CLANG_ENABLE_OBJC_ARC = YES;
				CLANG_ENABLE_OBJC_WEAK = YES;
				CLANG_WARN_BLOCK_CAPTURE_AUTORELEASING = YES;
				CLANG_WARN_BOOL_CONVERSION = YES;
				CLANG_WARN_COMMA = YES;
				CLANG_WARN_CONSTANT_CONVERSION = YES;
				CLANG_WARN_DEPRECATED_OBJC_IMPLEMENTATIONS = YES;
				CLANG_WARN_DIRECT_OBJC_ISA_USAGE = YES_ERROR;
				CLANG_WARN_DOCUMENTATION_COMMENTS = YES;
				CLANG_WARN_EMPTY_BODY = YES;
				CLANG_WARN_ENUM_CONVERSION = YES;
				CLANG_WARN_INFINITE_RECURSION = YES;
				CLANG_WARN_INT_CONVERSION = YES;
				CLANG_WARN_NON_LITERAL_NULL_CONVERSION = YES;
				CLANG_WARN_OBJC_IMPLICIT_RETAIN_SELF = YES;
				CLANG_WARN_OBJC_LITERAL_CONVERSION = YES;
				CLANG_WARN_OBJC_ROOT_CLASS = YES_ERROR;
				CLANG_WARN_RANGE_LOOP_ANALYSIS = YES;
				CLANG_WARN_STRICT_PROTOTYPES = YES;
				CLANG_WARN_SUSPICIOUS_MOVE = YES;
				CLANG_WARN_UNGUARDED_AVAILABILITY = YES_AGGRESSIVE;
				CLANG_WARN_UNREACHABLE_CODE = YES;
				CLANG_WARN__DUPLICATE_METHOD_MATCH = YES;
				COPY_PHASE_STRIP = NO;
				DEBUG_INFORMATION_FORMAT = "dwarf-with-dsym";
				ENABLE_BITCODE = NO;
				ENABLE_NS_ASSERTIONS = NO;
				ENABLE_STRICT_OBJC_MSGSEND = YES;
				GCC_C_LANGUAGE_STANDARD = gnu11;
				GCC_NO_COMMON_BLOCKS = YES;
				GCC_WARN_64_TO_32_BIT_CONVERSION = YES;
				GCC_WARN_ABOUT_RETURN_TYPE = YES_ERROR;
				GCC_WARN_UNDECLARED_SELECTOR = YES;
				GCC_WARN_UNINITIALIZED_AUTOS = YES_AGGRESSIVE;
				GCC_WARN_UNUSED_FUNCTION = YES;
				GCC_WARN_UNUSED_VARIABLE = YES;
				IPHONEOS_DEPLOYMENT_TARGET = 13.5;
				MTL_ENABLE_DEBUG_INFO = NO;
				MTL_FAST_MATH = YES;
				SDKROOT = iphoneos;
				SWIFT_COMPILATION_MODE = wholemodule;
				SWIFT_OPTIMIZATION_LEVEL = "-O";
				VALIDATE_PRODUCT = YES;
			};
			name = Release;
		};
		E733F81824C5BD61007FED96 /* Debug */ = {
			isa = XCBuildConfiguration;
			baseConfigurationReference = D5C1CA2B704548DA128DA90B /* Pods-iOSChat.debug.xcconfig */;
			buildSettings = {
				ASSETCATALOG_COMPILER_APPICON_NAME = AppIcon;
				CODE_SIGN_STYLE = Automatic;
				DEVELOPMENT_ASSET_PATHS = "\"iOSChat/Preview Content\"";
				DEVELOPMENT_TEAM = 4TTJDQ6P4J;
				ENABLE_PREVIEWS = YES;
				INFOPLIST_FILE = iOSChat/Info.plist;
				IPHONEOS_DEPLOYMENT_TARGET = 13.0;
				LD_RUNPATH_SEARCH_PATHS = (
					"$(inherited)",
					"@executable_path/Frameworks",
				);
				PRODUCT_BUNDLE_IDENTIFIER = com.justin.iOSChat;
				PRODUCT_NAME = "$(TARGET_NAME)";
				SWIFT_VERSION = 5.0;
				TARGETED_DEVICE_FAMILY = "1,2";
			};
			name = Debug;
		};
		E733F81924C5BD61007FED96 /* Release */ = {
			isa = XCBuildConfiguration;
			baseConfigurationReference = 0C111CFD75917878BB6D3AD1 /* Pods-iOSChat.release.xcconfig */;
			buildSettings = {
				ASSETCATALOG_COMPILER_APPICON_NAME = AppIcon;
				CODE_SIGN_STYLE = Automatic;
				DEVELOPMENT_ASSET_PATHS = "\"iOSChat/Preview Content\"";
				DEVELOPMENT_TEAM = 4TTJDQ6P4J;
				ENABLE_PREVIEWS = YES;
				INFOPLIST_FILE = iOSChat/Info.plist;
				IPHONEOS_DEPLOYMENT_TARGET = 13.0;
				LD_RUNPATH_SEARCH_PATHS = (
					"$(inherited)",
					"@executable_path/Frameworks",
				);
				PRODUCT_BUNDLE_IDENTIFIER = com.justin.iOSChat;
				PRODUCT_NAME = "$(TARGET_NAME)";
				SWIFT_VERSION = 5.0;
				TARGETED_DEVICE_FAMILY = "1,2";
			};
			name = Release;
		};
/* End XCBuildConfiguration section */

/* Begin XCConfigurationList section */
		E733F7FE24C5BD60007FED96 /* Build configuration list for PBXProject "iOSChat" */ = {
			isa = XCConfigurationList;
			buildConfigurations = (
				E733F81524C5BD61007FED96 /* Debug */,
				E733F81624C5BD61007FED96 /* Release */,
			);
			defaultConfigurationIsVisible = 0;
			defaultConfigurationName = Release;
		};
		E733F81724C5BD61007FED96 /* Build configuration list for PBXNativeTarget "iOSChat" */ = {
			isa = XCConfigurationList;
			buildConfigurations = (
				E733F81824C5BD61007FED96 /* Debug */,
				E733F81924C5BD61007FED96 /* Release */,
			);
			defaultConfigurationIsVisible = 0;
			defaultConfigurationName = Release;
		};
/* End XCConfigurationList section */

/* Begin XCRemoteSwiftPackageReference section */
		E75F239324C887280092BD8B /* XCRemoteSwiftPackageReference "SwiftyJSON" */ = {
			isa = XCRemoteSwiftPackageReference;
			repositoryURL = "https://github.com/SwiftyJSON/SwiftyJSON.git";
			requirement = {
				kind = upToNextMajorVersion;
				minimumVersion = 5.0.0;
			};
		};
/* End XCRemoteSwiftPackageReference section */

/* Begin XCSwiftPackageProductDependency section */
		E75F239424C887280092BD8B /* SwiftyJSON */ = {
			isa = XCSwiftPackageProductDependency;
			package = E75F239324C887280092BD8B /* XCRemoteSwiftPackageReference "SwiftyJSON" */;
			productName = SwiftyJSON;
		};
/* End XCSwiftPackageProductDependency section */
	};
	rootObject = E733F7FB24C5BD60007FED96 /* Project object */;
}
